
Microsoft Visual Studio Solution File, Format Version 12.00
# Visual Studio Version 16
VisualStudioVersion = 16.0.31025.194
MinimumVisualStudioVersion = 10.0.40219.1
Project("{FAE04EC0-301F-11D3-BF4B-00C04F79EFBC}") = "RemotingServiceHost", "HostConsole\RemotingServiceHost.csproj", "{BBF86DAD-C9FF-4F0B-BE7C-A27EAC58F4B2}"
EndProject
Project("{FAE04EC0-301F-11D3-BF4B-00C04F79EFBC}") = "RemotingClassLibrary", "RemotingClassLibrary\RemotingClassLibrary.csproj", "{11CA26DA-34FF-4836-9EE0-D833BEB245E5}"
EndProject
Project("{FAE04EC0-301F-11D3-BF4B-00C04F79EFBC}") = "RemotingService_hello", "RemotingService_hello\RemotingService_hello.csproj", "{36F41175-54AB-4812-860A-5EAEFCEFFAF7}"
EndProject
Project("{FAE04EC0-301F-11D3-BF4B-00C04F79EFBC}") = "HelloRemotingServiceClient", "HelloRemotingServiceClient\HelloRemotingServiceClient.csproj", "{8582FE15-BEB0-4094-B7A6-FFE236E9E50C}"
EndProject
Global
	GlobalSection(SolutionConfigurationPlatforms) = preSolution
		Debug|Any CPU = Debug|Any CPU
		Release|Any CPU = Release|Any CPU
	EndGlobalSection
	GlobalSection(ProjectConfigurationPlatforms) = postSolution
		{BBF86DAD-C9FF-4F0B-BE7C-A27EAC58F4B2}.Debug|Any CPU.ActiveCfg = Debug|Any CPU
		{BBF86DAD-C9FF-4F0B-BE7C-A27EAC58F4B2}.Debug|Any CPU.Build.0 = Debug|Any CPU
		{BBF86DAD-C9FF-4F0B-BE7C-A27EAC58F4B2}.Release|Any CPU.ActiveCfg = Release|Any CPU
		{BBF86DAD-C9FF-4F0B-BE7C-A27EAC58F4B2}.Release|Any CPU.Build.0 = Release|Any CPU
		{11CA26DA-34FF-4836-9EE0-D833BEB245E5}.Debug|Any CPU.ActiveCfg = Debug|Any CPU
		{11CA26DA-34FF-4836-9EE0-D833BEB245E5}.Debug|Any CPU.Build.0 = Debug|Any CPU
		{11CA26DA-34FF-4836-9EE0-D833BEB245E5}.Release|Any CPU.ActiveCfg = Release|Any CPU
		{11CA26DA-34FF-4836-9EE0-D833BEB245E5}.Release|Any CPU.Build.0 = Release|Any CPU
		{36F41175-54AB-4812-860A-5EAEFCEFFAF7}.Debug|Any CPU.ActiveCfg = Debug|Any CPU
		{36F41175-54AB-4812-860A-5EAEFCEFFAF7}.Debug|Any CPU.Build.0 = Debug|Any CPU
		{36F41175-54AB-4812-860A-5EAEFCEFFAF7}.Release|Any CPU.ActiveCfg = Release|Any CPU
		{36F41175-54AB-4812-860A-5EAEFCEFFAF7}.Release|Any CPU.Build.0 = Release|Any CPU
		{8582FE15-BEB0-4094-B7A6-FFE236E9E50C}.Debug|Any CPU.ActiveCfg = Debug|Any CPU
		{8582FE15-BEB0-4094-B7A6-FFE236E9E50C}.Debug|Any CPU.Build.0 = Debug|Any CPU
		{8582FE15-BEB0-4094-B7A6-FFE236E9E50C}.Release|Any CPU.ActiveCfg = Release|Any CPU
		{8582FE15-BEB0-4094-B7A6-FFE236E9E50C}.Release|Any CPU.Build.0 = Release|Any CPU
	EndGlobalSection
	GlobalSection(SolutionProperties) = preSolution
		HideSolutionNode = FALSE
	EndGlobalSection
	GlobalSection(ExtensibilityGlobals) = postSolution
		SolutionGuid = {F8C16C78-6285-4C56-AD02-FBE6DA509C9D}
	EndGlobalSection
EndGlobal
